// !$*UTF8*$!
{
	archiveVersion = 1;
	classes = {
	};
	objectVersion = 77;
	objects = {

/* Begin PBXContainerItemProxy section */
		9CC09D222D9C0A6600B55616 /* PBXContainerItemProxy */ = {
			isa = PBXContainerItemProxy;
			containerPortal = 9CC09D092D9C0A6400B55616 /* Project object */;
			proxyType = 1;
			remoteGlobalIDString = 9CC09D102D9C0A6400B55616;
			remoteInfo = JustEat2025;
		};
		9CC09D2C2D9C0A6600B55616 /* PBXContainerItemProxy */ = {
			isa = PBXContainerItemProxy;
			containerPortal = 9CC09D092D9C0A6400B55616 /* Project object */;
			proxyType = 1;
			remoteGlobalIDString = 9CC09D102D9C0A6400B55616;
			remoteInfo = JustEat2025;
		};
/* End PBXContainerItemProxy section */

/* Begin PBXFileReference section */
		9CC09D112D9C0A6400B55616 /* JustEat2025.app */ = {isa = PBXFileReference; explicitFileType = wrapper.application; includeInIndex = 0; path = JustEat2025.app; sourceTree = BUILT_PRODUCTS_DIR; };
		9CC09D212D9C0A6600B55616 /* JustEat2025Tests.xctest */ = {isa = PBXFileReference; explicitFileType = wrapper.cfbundle; includeInIndex = 0; path = JustEat2025Tests.xctest; sourceTree = BUILT_PRODUCTS_DIR; };
		9CC09D2B2D9C0A6600B55616 /* JustEat2025UITests.xctest */ = {isa = PBXFileReference; explicitFileType = wrapper.cfbundle; includeInIndex = 0; path = JustEat2025UITests.xctest; sourceTree = BUILT_PRODUCTS_DIR; };
/* End PBXFileReference section */

/* Begin PBXFileSystemSynchronizedRootGroup section */
		9CC09D132D9C0A6400B55616 /* JustEat2025 */ = {
			isa = PBXFileSystemSynchronizedRootGroup;
			path = JustEat2025;
			sourceTree = "<group>";
		};
		9CC09D242D9C0A6600B55616 /* JustEat2025Tests */ = {
			isa = PBXFileSystemSynchronizedRootGroup;
			path = JustEat2025Tests;
			sourceTree = "<group>";
		};
		9CC09D2E2D9C0A6600B55616 /* JustEat2025UITests */ = {
			isa = PBXFileSystemSynchronizedRootGroup;
			path = JustEat2025UITests;
			sourceTree = "<group>";
		};
/* End PBXFileSystemSynchronizedRootGroup section */

/* Begin PBXFrameworksBuildPhase section */
		9CC09D0E2D9C0A6400B55616 /* Frameworks */ = {
			isa = PBXFrameworksBuildPhase;
			buildActionMask = 2147483647;
			files = (
			);
			runOnlyForDeploymentPostprocessing = 0;
		};
		9CC09D1E2D9C0A6600B55616 /* Frameworks */ = {
			isa = PBXFrameworksBuildPhase;
			buildActionMask = 2147483647;
			files = (
			);
			runOnlyForDeploymentPostprocessing = 0;
		};
		9CC09D282D9C0A6600B55616 /* Frameworks */ = {
			isa = PBXFrameworksBuildPhase;
			buildActionMask = 2147483647;
			files = (
			);
			runOnlyForDeploymentPostprocessing = 0;
		};
/* End PBXFrameworksBuildPhase section */

/* Begin PBXGroup section */
		9CC09D082D9C0A6400B55616 = {
			isa = PBXGroup;
			children = (
				9CC09D132D9C0A6400B55616 /* JustEat2025 */,
				9CC09D242D9C0A6600B55616 /* JustEat2025Tests */,
				9CC09D2E2D9C0A6600B55616 /* JustEat2025UITests */,
				9CC09D122D9C0A6400B55616 /* Products */,
			);
			sourceTree = "<group>";
		};
		9CC09D122D9C0A6400B55616 /* Products */ = {
			isa = PBXGroup;
			children = (
				9CC09D112D9C0A6400B55616 /* JustEat2025.app */,
				9CC09D212D9C0A6600B55616 /* JustEat2025Tests.xctest */,
				9CC09D2B2D9C0A6600B55616 /* JustEat2025UITests.xctest */,
			);
			name = Products;
			sourceTree = "<group>";
		};
/* End PBXGroup section */

/* Begin PBXNativeTarget section */
		9CC09D102D9C0A6400B55616 /* JustEat2025 */ = {
			isa = PBXNativeTarget;
			buildConfigurationList = 9CC09D352D9C0A6600B55616 /* Build configuration list for PBXNativeTarget "JustEat2025" */;
			buildPhases = (
				9CC09D0D2D9C0A6400B55616 /* Sources */,
				9CC09D0E2D9C0A6400B55616 /* Frameworks */,
				9CC09D0F2D9C0A6400B55616 /* Resources */,
			);
			buildRules = (
			);
			dependencies = (
			);
			fileSystemSynchronizedGroups = (
				9CC09D132D9C0A6400B55616 /* JustEat2025 */,
			);
			name = JustEat2025;
			packageProductDependencies = (
			);
			productName = JustEat2025;
			productReference = 9CC09D112D9C0A6400B55616 /* JustEat2025.app */;
			productType = "com.apple.product-type.application";
		};
		9CC09D202D9C0A6600B55616 /* JustEat2025Tests */ = {
			isa = PBXNativeTarget;
			buildConfigurationList = 9CC09D382D9C0A6600B55616 /* Build configuration list for PBXNativeTarget "JustEat2025Tests" */;
			buildPhases = (
				9CC09D1D2D9C0A6600B55616 /* Sources */,
				9CC09D1E2D9C0A6600B55616 /* Frameworks */,
				9CC09D1F2D9C0A6600B55616 /* Resources */,
			);
			buildRules = (
			);
			dependencies = (
				9CC09D232D9C0A6600B55616 /* PBXTargetDependency */,
			);
			fileSystemSynchronizedGroups = (
				9CC09D242D9C0A6600B55616 /* JustEat2025Tests */,
			);
			name = JustEat2025Tests;
			packageProductDependencies = (
			);
			productName = JustEat2025Tests;
			productReference = 9CC09D212D9C0A6600B55616 /* JustEat2025Tests.xctest */;
			productType = "com.apple.product-type.bundle.unit-test";
		};
		9CC09D2A2D9C0A6600B55616 /* JustEat2025UITests */ = {
			isa = PBXNativeTarget;
			buildConfigurationList = 9CC09D3B2D9C0A6600B55616 /* Build configuration list for PBXNativeTarget "JustEat2025UITests" */;
			buildPhases = (
				9CC09D272D9C0A6600B55616 /* Sources */,
				9CC09D282D9C0A6600B55616 /* Frameworks */,
				9CC09D292D9C0A6600B55616 /* Resources */,
			);
			buildRules = (
			);
			dependencies = (
				9CC09D2D2D9C0A6600B55616 /* PBXTargetDependency */,
			);
			fileSystemSynchronizedGroups = (
				9CC09D2E2D9C0A6600B55616 /* JustEat2025UITests */,
			);
			name = JustEat2025UITests;
			packageProductDependencies = (
			);
			productName = JustEat2025UITests;
			productReference = 9CC09D2B2D9C0A6600B55616 /* JustEat2025UITests.xctest */;
			productType = "com.apple.product-type.bundle.ui-testing";
		};
/* End PBXNativeTarget section */

/* Begin PBXProject section */
		9CC09D092D9C0A6400B55616 /* Project object */ = {
			isa = PBXProject;
			attributes = {
				BuildIndependentTargetsInParallel = 1;
				LastSwiftUpdateCheck = 1620;
				LastUpgradeCheck = 1620;
				TargetAttributes = {
					9CC09D102D9C0A6400B55616 = {
						CreatedOnToolsVersion = 16.2;
					};
					9CC09D202D9C0A6600B55616 = {
						CreatedOnToolsVersion = 16.2;
						TestTargetID = 9CC09D102D9C0A6400B55616;
					};
					9CC09D2A2D9C0A6600B55616 = {
						CreatedOnToolsVersion = 16.2;
						TestTargetID = 9CC09D102D9C0A6400B55616;
					};
				};
			};
			buildConfigurationList = 9CC09D0C2D9C0A6400B55616 /* Build configuration list for PBXProject "JustEat2025" */;
			developmentRegion = en;
			hasScannedForEncodings = 0;
			knownRegions = (
				en,
				Base,
			);
			mainGroup = 9CC09D082D9C0A6400B55616;
			minimizedProjectReferenceProxies = 1;
			preferredProjectObjectVersion = 77;
			productRefGroup = 9CC09D122D9C0A6400B55616 /* Products */;
			projectDirPath = "";
			projectRoot = "";
			targets = (
				9CC09D102D9C0A6400B55616 /* JustEat2025 */,
				9CC09D202D9C0A6600B55616 /* JustEat2025Tests */,
				9CC09D2A2D9C0A6600B55616 /* JustEat2025UITests */,
			);
		};
/* End PBXProject section */

/* Begin PBXResourcesBuildPhase section */
		9CC09D0F2D9C0A6400B55616 /* Resources */ = {
			isa = PBXResourcesBuildPhase;
			buildActionMask = 2147483647;
			files = (
			);
			runOnlyForDeploymentPostprocessing = 0;
		};
		9CC09D1F2D9C0A6600B55616 /* Resources */ = {
			isa = PBXResourcesBuildPhase;
			buildActionMask = 2147483647;
			files = (
			);
			runOnlyForDeploymentPostprocessing = 0;
		};
		9CC09D292D9C0A6600B55616 /* Resources */ = {
			isa = PBXResourcesBuildPhase;
			buildActionMask = 2147483647;
			files = (
			);
			runOnlyForDeploymentPostprocessing = 0;
		};
/* End PBXResourcesBuildPhase section */

/* Begin PBXSourcesBuildPhase section */
		9CC09D0D2D9C0A6400B55616 /* Sources */ = {
			isa = PBXSourcesBuildPhase;
			buildActionMask = 2147483647;
			files = (
			);
			runOnlyForDeploymentPostprocessing = 0;
		};
		9CC09D1D2D9C0A6600B55616 /* Sources */ = {
			isa = PBXSourcesBuildPhase;
			buildActionMask = 2147483647;
			files = (
			);
			runOnlyForDeploymentPostprocessing = 0;
		};
		9CC09D272D9C0A6600B55616 /* Sources */ = {
			isa = PBXSourcesBuildPhase;
			buildActionMask = 2147483647;
			files = (
			);
			runOnlyForDeploymentPostprocessing = 0;
		};
/* End PBXSourcesBuildPhase section */

/* Begin PBXTargetDependency section */
		9CC09D232D9C0A6600B55616 /* PBXTargetDependency */ = {
			isa = PBXTargetDependency;
			target = 9CC09D102D9C0A6400B55616 /* JustEat2025 */;
			targetProxy = 9CC09D222D9C0A6600B55616 /* PBXContainerItemProxy */;
		};
		9CC09D2D2D9C0A6600B55616 /* PBXTargetDependency */ = {
			isa = PBXTargetDependency;
			target = 9CC09D102D9C0A6400B55616 /* JustEat2025 */;
			targetProxy = 9CC09D2C2D9C0A6600B55616 /* PBXContainerItemProxy */;
		};
/* End PBXTargetDependency section */

/* Begin XCBuildConfiguration section */
		9CC09D332D9C0A6600B55616 /* Debug */ = {
			isa = XCBuildConfiguration;
			buildSettings = {
				ALWAYS_SEARCH_USER_PATHS = NO;
				ASSETCATALOG_COMPILER_GENERATE_SWIFT_ASSET_SYMBOL_EXTENSIONS = YES;
				CLANG_ANALYZER_NONNULL = YES;
				CLANG_ANALYZER_NUMBER_OBJECT_CONVERSION = YES_AGGRESSIVE;
				CLANG_CXX_LANGUAGE_STANDARD = "gnu++20";
				CLANG_ENABLE_MODULES = YES;
				CLANG_ENABLE_OBJC_ARC = YES;
				CLANG_ENABLE_OBJC_WEAK = YES;
				CLANG_WARN_BLOCK_CAPTURE_AUTORELEASING = YES;
				CLANG_WARN_BOOL_CONVERSION = YES;
				CLANG_WARN_COMMA = YES;
				CLANG_WARN_CONSTANT_CONVERSION = YES;
				CLANG_WARN_DEPRECATED_OBJC_IMPLEMENTATIONS = YES;
				CLANG_WARN_DIRECT_OBJC_ISA_USAGE = YES_ERROR;
				CLANG_WARN_DOCUMENTATION_COMMENTS = YES;
				CLANG_WARN_EMPTY_BODY = YES;
				CLANG_WARN_ENUM_CONVERSION = YES;
				CLANG_WARN_INFINITE_RECURSION = YES;
				CLANG_WARN_INT_CONVERSION = YES;
				CLANG_WARN_NON_LITERAL_NULL_CONVERSION = YES;
				CLANG_WARN_OBJC_IMPLICIT_RETAIN_SELF = YES;
				CLANG_WARN_OBJC_LITERAL_CONVERSION = YES;
				CLANG_WARN_OBJC_ROOT_CLASS = YES_ERROR;
				CLANG_WARN_QUOTED_INCLUDE_IN_FRAMEWORK_HEADER = YES;
				CLANG_WARN_RANGE_LOOP_ANALYSIS = YES;
				CLANG_WARN_STRICT_PROTOTYPES = YES;
				CLANG_WARN_SUSPICIOUS_MOVE = YES;
				CLANG_WARN_UNGUARDED_AVAILABILITY = YES_AGGRESSIVE;
				CLANG_WARN_UNREACHABLE_CODE = YES;
				CLANG_WARN__DUPLICATE_METHOD_MATCH = YES;
				COPY_PHASE_STRIP = NO;
				DEBUG_INFORMATION_FORMAT = dwarf;
				ENABLE_STRICT_OBJC_MSGSEND = YES;
				ENABLE_TESTABILITY = YES;
				ENABLE_USER_SCRIPT_SANDBOXING = YES;
				GCC_C_LANGUAGE_STANDARD = gnu17;
				GCC_DYNAMIC_NO_PIC = NO;
				GCC_NO_COMMON_BLOCKS = YES;
				GCC_OPTIMIZATION_LEVEL = 0;
				GCC_PREPROCESSOR_DEFINITIONS = (
					"DEBUG=1",
					"$(inherited)",
				);
				GCC_WARN_64_TO_32_BIT_CONVERSION = YES;
				GCC_WARN_ABOUT_RETURN_TYPE = YES_ERROR;
				GCC_WARN_UNDECLARED_SELECTOR = YES;
				GCC_WARN_UNINITIALIZED_AUTOS = YES_AGGRESSIVE;
				GCC_WARN_UNUSED_FUNCTION = YES;
				GCC_WARN_UNUSED_VARIABLE = YES;
				IPHONEOS_DEPLOYMENT_TARGET = 18.2;
				LOCALIZATION_PREFERS_STRING_CATALOGS = YES;
				MTL_ENABLE_DEBUG_INFO = INCLUDE_SOURCE;
				MTL_FAST_MATH = YES;
				ONLY_ACTIVE_ARCH = YES;
				SDKROOT = iphoneos;
				SWIFT_ACTIVE_COMPILATION_CONDITIONS = "DEBUG $(inherited)";
				SWIFT_OPTIMIZATION_LEVEL = "-Onone";
			};
			name = Debug;
		};
		9CC09D342D9C0A6600B55616 /* Release */ = {
			isa = XCBuildConfiguration;
			buildSettings = {
				ALWAYS_SEARCH_USER_PATHS = NO;
				ASSETCATALOG_COMPILER_GENERATE_SWIFT_ASSET_SYMBOL_EXTENSIONS = YES;
				CLANG_ANALYZER_NONNULL = YES;
				CLANG_ANALYZER_NUMBER_OBJECT_CONVERSION = YES_AGGRESSIVE;
				CLANG_CXX_LANGUAGE_STANDARD = "gnu++20";
				CLANG_ENABLE_MODULES = YES;
				CLANG_ENABLE_OBJC_ARC = YES;
				CLANG_ENABLE_OBJC_WEAK = YES;
				CLANG_WARN_BLOCK_CAPTURE_AUTORELEASING = YES;
				CLANG_WARN_BOOL_CONVERSION = YES;
				CLANG_WARN_COMMA = YES;
				CLANG_WARN_CONSTANT_CONVERSION = YES;
				CLANG_WARN_DEPRECATED_OBJC_IMPLEMENTATIONS = YES;
				CLANG_WARN_DIRECT_OBJC_ISA_USAGE = YES_ERROR;
				CLANG_WARN_DOCUMENTATION_COMMENTS = YES;
				CLANG_WARN_EMPTY_BODY = YES;
				CLANG_WARN_ENUM_CONVERSION = YES;
				CLANG_WARN_INFINITE_RECURSION = YES;
				CLANG_WARN_INT_CONVERSION = YES;
				CLANG_WARN_NON_LITERAL_NULL_CONVERSION = YES;
				CLANG_WARN_OBJC_IMPLICIT_RETAIN_SELF = YES;
				CLANG_WARN_OBJC_LITERAL_CONVERSION = YES;
				CLANG_WARN_OBJC_ROOT_CLASS = YES_ERROR;
				CLANG_WARN_QUOTED_INCLUDE_IN_FRAMEWORK_HEADER = YES;
				CLANG_WARN_RANGE_LOOP_ANALYSIS = YES;
				CLANG_WARN_STRICT_PROTOTYPES = YES;
				CLANG_WARN_SUSPICIOUS_MOVE = YES;
				CLANG_WARN_UNGUARDED_AVAILABILITY = YES_AGGRESSIVE;
				CLANG_WARN_UNREACHABLE_CODE = YES;
				CLANG_WARN__DUPLICATE_METHOD_MATCH = YES;
				COPY_PHASE_STRIP = NO;
				DEBUG_INFORMATION_FORMAT = "dwarf-with-dsym";
				ENABLE_NS_ASSERTIONS = NO;
				ENABLE_STRICT_OBJC_MSGSEND = YES;
				ENABLE_USER_SCRIPT_SANDBOXING = YES;
				GCC_C_LANGUAGE_STANDARD = gnu17;
				GCC_NO_COMMON_BLOCKS = YES;
				GCC_WARN_64_TO_32_BIT_CONVERSION = YES;
				GCC_WARN_ABOUT_RETURN_TYPE = YES_ERROR;
				GCC_WARN_UNDECLARED_SELECTOR = YES;
				GCC_WARN_UNINITIALIZED_AUTOS = YES_AGGRESSIVE;
				GCC_WARN_UNUSED_FUNCTION = YES;
				GCC_WARN_UNUSED_VARIABLE = YES;
				IPHONEOS_DEPLOYMENT_TARGET = 18.2;
				LOCALIZATION_PREFERS_STRING_CATALOGS = YES;
				MTL_ENABLE_DEBUG_INFO = NO;
				MTL_FAST_MATH = YES;
				SDKROOT = iphoneos;
				SWIFT_COMPILATION_MODE = wholemodule;
				VALIDATE_PRODUCT = YES;
			};
			name = Release;
		};
		9CC09D362D9C0A6600B55616 /* Debug */ = {
			isa = XCBuildConfiguration;
			buildSettings = {
				ASSETCATALOG_COMPILER_APPICON_NAME = AppIcon;
				ASSETCATALOG_COMPILER_GLOBAL_ACCENT_COLOR_NAME = AccentColor;
				CODE_SIGN_STYLE = Automatic;
				CURRENT_PROJECT_VERSION = 1;
				DEVELOPMENT_ASSET_PATHS = "\"JustEat2025/Preview Content\"";
				ENABLE_PREVIEWS = YES;
				GENERATE_INFOPLIST_FILE = YES;
				INFOPLIST_KEY_UIApplicationSceneManifest_Generation = YES;
				INFOPLIST_KEY_UIApplicationSupportsIndirectInputEvents = YES;
				INFOPLIST_KEY_UILaunchScreen_Generation = YES;
				INFOPLIST_KEY_UISupportedInterfaceOrientations_iPad = "UIInterfaceOrientationPortrait UIInterfaceOrientationPortraitUpsideDown UIInterfaceOrientationLandscapeLeft UIInterfaceOrientationLandscapeRight";
				INFOPLIST_KEY_UISupportedInterfaceOrientations_iPhone = "UIInterfaceOrientationPortrait UIInterfaceOrientationLandscapeLeft UIInterfaceOrientationLandscapeRight";
				LD_RUNPATH_SEARCH_PATHS = (
					"$(inherited)",
					"@executable_path/Frameworks",
				);
				MARKETING_VERSION = 1.0;
				PRODUCT_BUNDLE_IDENTIFIER = carissanicholls.JustEat2025;
				PRODUCT_NAME = "$(TARGET_NAME)";
				SWIFT_EMIT_LOC_STRINGS = YES;
				SWIFT_VERSION = 5.0;
				TARGETED_DEVICE_FAMILY = "1,2";
			};
			name = Debug;
		};
		9CC09D372D9C0A6600B55616 /* Release */ = {
			isa = XCBuildConfiguration;
			buildSettings = {
				ASSETCATALOG_COMPILER_APPICON_NAME = AppIcon;
				ASSETCATALOG_COMPILER_GLOBAL_ACCENT_COLOR_NAME = AccentColor;
				CODE_SIGN_STYLE = Automatic;
				CURRENT_PROJECT_VERSION = 1;
				DEVELOPMENT_ASSET_PATHS = "\"JustEat2025/Preview Content\"";
				ENABLE_PREVIEWS = YES;
				GENERATE_INFOPLIST_FILE = YES;
				INFOPLIST_KEY_UIApplicationSceneManifest_Generation = YES;
				INFOPLIST_KEY_UIApplicationSupportsIndirectInputEvents = YES;
				INFOPLIST_KEY_UILaunchScreen_Generation = YES;
				INFOPLIST_KEY_UISupportedInterfaceOrientations_iPad = "UIInterfaceOrientationPortrait UIInterfaceOrientationPortraitUpsideDown UIInterfaceOrientationLandscapeLeft UIInterfaceOrientationLandscapeRight";
				INFOPLIST_KEY_UISupportedInterfaceOrientations_iPhone = "UIInterfaceOrientationPortrait UIInterfaceOrientationLandscapeLeft UIInterfaceOrientationLandscapeRight";
				LD_RUNPATH_SEARCH_PATHS = (
					"$(inherited)",
					"@executable_path/Frameworks",
				);
				MARKETING_VERSION = 1.0;
				PRODUCT_BUNDLE_IDENTIFIER = carissanicholls.JustEat2025;
				PRODUCT_NAME = "$(TARGET_NAME)";
				SWIFT_EMIT_LOC_STRINGS = YES;
				SWIFT_VERSION = 5.0;
				TARGETED_DEVICE_FAMILY = "1,2";
			};
			name = Release;
		};
		9CC09D392D9C0A6600B55616 /* Debug */ = {
			isa = XCBuildConfiguration;
			buildSettings = {
				BUNDLE_LOADER = "$(TEST_HOST)";
				CODE_SIGN_STYLE = Automatic;
				CURRENT_PROJECT_VERSION = 1;
				GENERATE_INFOPLIST_FILE = YES;
				IPHONEOS_DEPLOYMENT_TARGET = 18.2;
				MARKETING_VERSION = 1.0;
				PRODUCT_BUNDLE_IDENTIFIER = carissanicholls.JustEat2025Tests;
				PRODUCT_NAME = "$(TARGET_NAME)";
				SWIFT_EMIT_LOC_STRINGS = NO;
				SWIFT_VERSION = 5.0;
				TARGETED_DEVICE_FAMILY = "1,2";
				TEST_HOST = "$(BUILT_PRODUCTS_DIR)/JustEat2025.app/$(BUNDLE_EXECUTABLE_FOLDER_PATH)/JustEat2025";
			};
			name = Debug;
		};
		9CC09D3A2D9C0A6600B55616 /* Release */ = {
			isa = XCBuildConfiguration;
			buildSettings = {
				BUNDLE_LOADER = "$(TEST_HOST)";
				CODE_SIGN_STYLE = Automatic;
				CURRENT_PROJECT_VERSION = 1;
				GENERATE_INFOPLIST_FILE = YES;
				IPHONEOS_DEPLOYMENT_TARGET = 18.2;
				MARKETING_VERSION = 1.0;
				PRODUCT_BUNDLE_IDENTIFIER = carissanicholls.JustEat2025Tests;
				PRODUCT_NAME = "$(TARGET_NAME)";
				SWIFT_EMIT_LOC_STRINGS = NO;
				SWIFT_VERSION = 5.0;
				TARGETED_DEVICE_FAMILY = "1,2";
				TEST_HOST = "$(BUILT_PRODUCTS_DIR)/JustEat2025.app/$(BUNDLE_EXECUTABLE_FOLDER_PATH)/JustEat2025";
			};
			name = Release;
		};
		9CC09D3C2D9C0A6600B55616 /* Debug */ = {
			isa = XCBuildConfiguration;
			buildSettings = {
				CODE_SIGN_STYLE = Automatic;
				CURRENT_PROJECT_VERSION = 1;
				GENERATE_INFOPLIST_FILE = YES;
				MARKETING_VERSION = 1.0;
				PRODUCT_BUNDLE_IDENTIFIER = carissanicholls.JustEat2025UITests;
				PRODUCT_NAME = "$(TARGET_NAME)";
				SWIFT_EMIT_LOC_STRINGS = NO;
				SWIFT_VERSION = 5.0;
				TARGETED_DEVICE_FAMILY = "1,2";
				TEST_TARGET_NAME = JustEat2025;
			};
			name = Debug;
		};
		9CC09D3D2D9C0A6600B55616 /* Release */ = {
			isa = XCBuildConfiguration;
			buildSettings = {
				CODE_SIGN_STYLE = Automatic;
				CURRENT_PROJECT_VERSION = 1;
				GENERATE_INFOPLIST_FILE = YES;
				MARKETING_VERSION = 1.0;
				PRODUCT_BUNDLE_IDENTIFIER = carissanicholls.JustEat2025UITests;
				PRODUCT_NAME = "$(TARGET_NAME)";
				SWIFT_EMIT_LOC_STRINGS = NO;
				SWIFT_VERSION = 5.0;
				TARGETED_DEVICE_FAMILY = "1,2";
				TEST_TARGET_NAME = JustEat2025;
			};
			name = Release;
		};
/* End XCBuildConfiguration section */

/* Begin XCConfigurationList section */
		9CC09D0C2D9C0A6400B55616 /* Build configuration list for PBXProject "JustEat2025" */ = {
			isa = XCConfigurationList;
			buildConfigurations = (
				9CC09D332D9C0A6600B55616 /* Debug */,
				9CC09D342D9C0A6600B55616 /* Release */,
			);
			defaultConfigurationIsVisible = 0;
			defaultConfigurationName = Release;
		};
		9CC09D352D9C0A6600B55616 /* Build configuration list for PBXNativeTarget "JustEat2025" */ = {
			isa = XCConfigurationList;
			buildConfigurations = (
				9CC09D362D9C0A6600B55616 /* Debug */,
				9CC09D372D9C0A6600B55616 /* Release */,
			);
			defaultConfigurationIsVisible = 0;
			defaultConfigurationName = Release;
		};
		9CC09D382D9C0A6600B55616 /* Build configuration list for PBXNativeTarget "JustEat2025Tests" */ = {
			isa = XCConfigurationList;
			buildConfigurations = (
				9CC09D392D9C0A6600B55616 /* Debug */,
				9CC09D3A2D9C0A6600B55616 /* Release */,
			);
			defaultConfigurationIsVisible = 0;
			defaultConfigurationName = Release;
		};
		9CC09D3B2D9C0A6600B55616 /* Build configuration list for PBXNativeTarget "JustEat2025UITests" */ = {
			isa = XCConfigurationList;
			buildConfigurations = (
				9CC09D3C2D9C0A6600B55616 /* Debug */,
				9CC09D3D2D9C0A6600B55616 /* Release */,
			);
			defaultConfigurationIsVisible = 0;
			defaultConfigurationName = Release;
		};
/* End XCConfigurationList section */
	};
	rootObject = 9CC09D092D9C0A6400B55616 /* Project object */;
}
